
Microsoft Visual Studio Solution File, Format Version 12.00
# Visual Studio 14
VisualStudioVersion = 14.0.25420.1
MinimumVisualStudioVersion = 10.0.40219.1
Project("{FAE04EC0-301F-11D3-BF4B-00C04F79EFBC}") = "CTK", "CDTK\CTK.csproj", "{C7A1AE1A-0733-4FD4-ABAD-27A800458753}"
EndProject
Project("{FAE04EC0-301F-11D3-BF4B-00C04F79EFBC}") = "GUI_Testing", "GUI_Testing\GUI_Testing.csproj", "{7F4EE597-8E09-4102-94B1-B1516F4CE270}"
EndProject
Project("{FAE04EC0-301F-11D3-BF4B-00C04F79EFBC}") = "CTK.Tests", "CTK.Tests\CTK.Tests.csproj", "{27F69395-17C7-49AF-A84B-60F872E93CAA}"
EndProject
Global
	GlobalSection(SolutionConfigurationPlatforms) = preSolution
		CD_ROM|Any CPU = CD_ROM|Any CPU
		CD_ROM|Mixed Platforms = CD_ROM|Mixed Platforms
		CD_ROM|x86 = CD_ROM|x86
		Debug|Any CPU = Debug|Any CPU
		Debug|Mixed Platforms = Debug|Mixed Platforms
		Debug|x86 = Debug|x86
		DVD-5|Any CPU = DVD-5|Any CPU
		DVD-5|Mixed Platforms = DVD-5|Mixed Platforms
		DVD-5|x86 = DVD-5|x86
		Release|Any CPU = Release|Any CPU
		Release|Mixed Platforms = Release|Mixed Platforms
		Release|x86 = Release|x86
		SingleImage|Any CPU = SingleImage|Any CPU
		SingleImage|Mixed Platforms = SingleImage|Mixed Platforms
		SingleImage|x86 = SingleImage|x86
	EndGlobalSection
	GlobalSection(ProjectConfigurationPlatforms) = postSolution
		{C7A1AE1A-0733-4FD4-ABAD-27A800458753}.CD_ROM|Any CPU.ActiveCfg = Release|x86
		{C7A1AE1A-0733-4FD4-ABAD-27A800458753}.CD_ROM|Any CPU.Build.0 = Release|x86
		{C7A1AE1A-0733-4FD4-ABAD-27A800458753}.CD_ROM|Mixed Platforms.ActiveCfg = Release|x86
		{C7A1AE1A-0733-4FD4-ABAD-27A800458753}.CD_ROM|Mixed Platforms.Build.0 = Release|x86
		{C7A1AE1A-0733-4FD4-ABAD-27A800458753}.CD_ROM|x86.ActiveCfg = Release|x86
		{C7A1AE1A-0733-4FD4-ABAD-27A800458753}.CD_ROM|x86.Build.0 = Release|x86
		{C7A1AE1A-0733-4FD4-ABAD-27A800458753}.Debug|Any CPU.ActiveCfg = Debug|x86
		{C7A1AE1A-0733-4FD4-ABAD-27A800458753}.Debug|Mixed Platforms.ActiveCfg = Debug|x86
		{C7A1AE1A-0733-4FD4-ABAD-27A800458753}.Debug|Mixed Platforms.Build.0 = Debug|x86
		{C7A1AE1A-0733-4FD4-ABAD-27A800458753}.Debug|x86.ActiveCfg = Debug|x86
		{C7A1AE1A-0733-4FD4-ABAD-27A800458753}.Debug|x86.Build.0 = Debug|x86
		{C7A1AE1A-0733-4FD4-ABAD-27A800458753}.DVD-5|Any CPU.ActiveCfg = Release|x86
		{C7A1AE1A-0733-4FD4-ABAD-27A800458753}.DVD-5|Any CPU.Build.0 = Release|x86
		{C7A1AE1A-0733-4FD4-ABAD-27A800458753}.DVD-5|Mixed Platforms.ActiveCfg = Debug|x86
		{C7A1AE1A-0733-4FD4-ABAD-27A800458753}.DVD-5|Mixed Platforms.Build.0 = Debug|x86
		{C7A1AE1A-0733-4FD4-ABAD-27A800458753}.DVD-5|x86.ActiveCfg = Debug|x86
		{C7A1AE1A-0733-4FD4-ABAD-27A800458753}.DVD-5|x86.Build.0 = Debug|x86
		{C7A1AE1A-0733-4FD4-ABAD-27A800458753}.Release|Any CPU.ActiveCfg = Release|x86
		{C7A1AE1A-0733-4FD4-ABAD-27A800458753}.Release|Mixed Platforms.ActiveCfg = Release|x86
		{C7A1AE1A-0733-4FD4-ABAD-27A800458753}.Release|Mixed Platforms.Build.0 = Release|x86
		{C7A1AE1A-0733-4FD4-ABAD-27A800458753}.Release|x86.ActiveCfg = Release|x86
		{C7A1AE1A-0733-4FD4-ABAD-27A800458753}.Release|x86.Build.0 = Release|x86
		{C7A1AE1A-0733-4FD4-ABAD-27A800458753}.SingleImage|Any CPU.ActiveCfg = Release|x86
		{C7A1AE1A-0733-4FD4-ABAD-27A800458753}.SingleImage|Any CPU.Build.0 = Release|x86
		{C7A1AE1A-0733-4FD4-ABAD-27A800458753}.SingleImage|Mixed Platforms.ActiveCfg = Release|x86
		{C7A1AE1A-0733-4FD4-ABAD-27A800458753}.SingleImage|Mixed Platforms.Build.0 = Release|x86
		{C7A1AE1A-0733-4FD4-ABAD-27A800458753}.SingleImage|x86.ActiveCfg = Release|x86
		{C7A1AE1A-0733-4FD4-ABAD-27A800458753}.SingleImage|x86.Build.0 = Release|x86
		{7F4EE597-8E09-4102-94B1-B1516F4CE270}.CD_ROM|Any CPU.ActiveCfg = Release|Any CPU
		{7F4EE597-8E09-4102-94B1-B1516F4CE270}.CD_ROM|Any CPU.Build.0 = Release|Any CPU
		{7F4EE597-8E09-4102-94B1-B1516F4CE270}.CD_ROM|Mixed Platforms.ActiveCfg = Release|Any CPU
		{7F4EE597-8E09-4102-94B1-B1516F4CE270}.CD_ROM|Mixed Platforms.Build.0 = Release|Any CPU
		{7F4EE597-8E09-4102-94B1-B1516F4CE270}.CD_ROM|x86.ActiveCfg = Release|Any CPU
		{7F4EE597-8E09-4102-94B1-B1516F4CE270}.CD_ROM|x86.Build.0 = Release|Any CPU
		{7F4EE597-8E09-4102-94B1-B1516F4CE270}.Debug|Any CPU.ActiveCfg = Debug|Any CPU
		{7F4EE597-8E09-4102-94B1-B1516F4CE270}.Debug|Any CPU.Build.0 = Debug|Any CPU
		{7F4EE597-8E09-4102-94B1-B1516F4CE270}.Debug|Mixed Platforms.ActiveCfg = Debug|Any CPU
		{7F4EE597-8E09-4102-94B1-B1516F4CE270}.Debug|Mixed Platforms.Build.0 = Debug|Any CPU
		{7F4EE597-8E09-4102-94B1-B1516F4CE270}.Debug|x86.ActiveCfg = Debug|Any CPU
		{7F4EE597-8E09-4102-94B1-B1516F4CE270}.Debug|x86.Build.0 = Debug|Any CPU
		{7F4EE597-8E09-4102-94B1-B1516F4CE270}.DVD-5|Any CPU.ActiveCfg = Debug|Any CPU
		{7F4EE597-8E09-4102-94B1-B1516F4CE270}.DVD-5|Any CPU.Build.0 = Debug|Any CPU
		{7F4EE597-8E09-4102-94B1-B1516F4CE270}.DVD-5|Mixed Platforms.ActiveCfg = Debug|Any CPU
		{7F4EE597-8E09-4102-94B1-B1516F4CE270}.DVD-5|Mixed Platforms.Build.0 = Debug|Any CPU
		{7F4EE597-8E09-4102-94B1-B1516F4CE270}.DVD-5|x86.ActiveCfg = Debug|Any CPU
		{7F4EE597-8E09-4102-94B1-B1516F4CE270}.DVD-5|x86.Build.0 = Debug|Any CPU
		{7F4EE597-8E09-4102-94B1-B1516F4CE270}.Release|Any CPU.ActiveCfg = Release|Any CPU
		{7F4EE597-8E09-4102-94B1-B1516F4CE270}.Release|Any CPU.Build.0 = Release|Any CPU
		{7F4EE597-8E09-4102-94B1-B1516F4CE270}.Release|Mixed Platforms.ActiveCfg = Release|Any CPU
		{7F4EE597-8E09-4102-94B1-B1516F4CE270}.Release|Mixed Platforms.Build.0 = Release|Any CPU
		{7F4EE597-8E09-4102-94B1-B1516F4CE270}.Release|x86.ActiveCfg = Release|Any CPU
		{7F4EE597-8E09-4102-94B1-B1516F4CE270}.Release|x86.Build.0 = Release|Any CPU
		{7F4EE597-8E09-4102-94B1-B1516F4CE270}.SingleImage|Any CPU.ActiveCfg = Release|Any CPU
		{7F4EE597-8E09-4102-94B1-B1516F4CE270}.SingleImage|Any CPU.Build.0 = Release|Any CPU
		{7F4EE597-8E09-4102-94B1-B1516F4CE270}.SingleImage|Mixed Platforms.ActiveCfg = Release|Any CPU
		{7F4EE597-8E09-4102-94B1-B1516F4CE270}.SingleImage|Mixed Platforms.Build.0 = Release|Any CPU
		{7F4EE597-8E09-4102-94B1-B1516F4CE270}.SingleImage|x86.ActiveCfg = Release|Any CPU
		{7F4EE597-8E09-4102-94B1-B1516F4CE270}.SingleImage|x86.Build.0 = Release|Any CPU
		{27F69395-17C7-49AF-A84B-60F872E93CAA}.CD_ROM|Any CPU.ActiveCfg = Release|Any CPU
		{27F69395-17C7-49AF-A84B-60F872E93CAA}.CD_ROM|Any CPU.Build.0 = Release|Any CPU
		{27F69395-17C7-49AF-A84B-60F872E93CAA}.CD_ROM|Mixed Platforms.ActiveCfg = Release|Any CPU
		{27F69395-17C7-49AF-A84B-60F872E93CAA}.CD_ROM|Mixed Platforms.Build.0 = Release|Any CPU
		{27F69395-17C7-49AF-A84B-60F872E93CAA}.CD_ROM|x86.ActiveCfg = Release|Any CPU
		{27F69395-17C7-49AF-A84B-60F872E93CAA}.CD_ROM|x86.Build.0 = Release|Any CPU
		{27F69395-17C7-49AF-A84B-60F872E93CAA}.Debug|Any CPU.ActiveCfg = Debug|Any CPU
		{27F69395-17C7-49AF-A84B-60F872E93CAA}.Debug|Any CPU.Build.0 = Debug|Any CPU
		{27F69395-17C7-49AF-A84B-60F872E93CAA}.Debug|Mixed Platforms.ActiveCfg = Debug|Any CPU
		{27F69395-17C7-49AF-A84B-60F872E93CAA}.Debug|Mixed Platforms.Build.0 = Debug|Any CPU
		{27F69395-17C7-49AF-A84B-60F872E93CAA}.Debug|x86.ActiveCfg = Debug|Any CPU
		{27F69395-17C7-49AF-A84B-60F872E93CAA}.Debug|x86.Build.0 = Debug|Any CPU
		{27F69395-17C7-49AF-A84B-60F872E93CAA}.DVD-5|Any CPU.ActiveCfg = Debug|Any CPU
		{27F69395-17C7-49AF-A84B-60F872E93CAA}.DVD-5|Any CPU.Build.0 = Debug|Any CPU
		{27F69395-17C7-49AF-A84B-60F872E93CAA}.DVD-5|Mixed Platforms.ActiveCfg = Debug|Any CPU
		{27F69395-17C7-49AF-A84B-60F872E93CAA}.DVD-5|Mixed Platforms.Build.0 = Debug|Any CPU
		{27F69395-17C7-49AF-A84B-60F872E93CAA}.DVD-5|x86.ActiveCfg = Debug|Any CPU
		{27F69395-17C7-49AF-A84B-60F872E93CAA}.DVD-5|x86.Build.0 = Debug|Any CPU
		{27F69395-17C7-49AF-A84B-60F872E93CAA}.Release|Any CPU.ActiveCfg = Release|Any CPU
		{27F69395-17C7-49AF-A84B-60F872E93CAA}.Release|Any CPU.Build.0 = Release|Any CPU
		{27F69395-17C7-49AF-A84B-60F872E93CAA}.Release|Mixed Platforms.ActiveCfg = Release|Any CPU
		{27F69395-17C7-49AF-A84B-60F872E93CAA}.Release|Mixed Platforms.Build.0 = Release|Any CPU
		{27F69395-17C7-49AF-A84B-60F872E93CAA}.Release|x86.ActiveCfg = Release|Any CPU
		{27F69395-17C7-49AF-A84B-60F872E93CAA}.Release|x86.Build.0 = Release|Any CPU
		{27F69395-17C7-49AF-A84B-60F872E93CAA}.SingleImage|Any CPU.ActiveCfg = Release|Any CPU
		{27F69395-17C7-49AF-A84B-60F872E93CAA}.SingleImage|Any CPU.Build.0 = Release|Any CPU
		{27F69395-17C7-49AF-A84B-60F872E93CAA}.SingleImage|Mixed Platforms.ActiveCfg = Release|Any CPU
		{27F69395-17C7-49AF-A84B-60F872E93CAA}.SingleImage|Mixed Platforms.Build.0 = Release|Any CPU
		{27F69395-17C7-49AF-A84B-60F872E93CAA}.SingleImage|x86.ActiveCfg = Release|Any CPU
		{27F69395-17C7-49AF-A84B-60F872E93CAA}.SingleImage|x86.Build.0 = Release|Any CPU
	EndGlobalSection
	GlobalSection(SolutionProperties) = preSolution
		HideSolutionNode = FALSE
	EndGlobalSection
	GlobalSection(TestCaseManagementSettings) = postSolution
		CategoryFile = CTK.vsmdi
	EndGlobalSection
EndGlobal
